{
  "pins" : [
    {
      "identity" : "kingfisher",
      "kind" : "remoteSourceControl",
      "location" : "https://github.com/onevcat/Kingfisher.git",
      "state" : {
        "revision" : "ec2613ab773a03e6ca0b35384de7b706fa7dc7f3",
        "version" : "5.13.4"
      }
    }
  ],
  "version" : 2
}
