// !$*UTF8*$!
{
	archiveVersion = 1;
	classes = {
	};
	objectVersion = 50;
	objects = {

/* Begin PBXBuildFile section */
		381CDAF92451B1B5009673BF /* AppDelegate.swift in Sources */ = {isa = PBXBuildFile; fileRef = 381CDAF82451B1B5009673BF /* AppDelegate.swift */; };
		381CDAFB2451B1B5009673BF /* SceneDelegate.swift in Sources */ = {isa = PBXBuildFile; fileRef = 381CDAFA2451B1B5009673BF /* SceneDelegate.swift */; };
		381CDAFD2451B1B5009673BF /* ViewController.swift in Sources */ = {isa = PBXBuildFile; fileRef = 381CDAFC2451B1B5009673BF /* ViewController.swift */; };
		381CDB002451B1B5009673BF /* Main.storyboard in Resources */ = {isa = PBXBuildFile; fileRef = 381CDAFE2451B1B5009673BF /* Main.storyboard */; };
		381CDB022451B1B6009673BF /* Assets.xcassets in Resources */ = {isa = PBXBuildFile; fileRef = 381CDB012451B1B6009673BF /* Assets.xcassets */; };
		381CDB052451B1B6009673BF /* LaunchScreen.storyboard in Resources */ = {isa = PBXBuildFile; fileRef = 381CDB032451B1B6009673BF /* LaunchScreen.storyboard */; };
		381CDB0D2451B24D009673BF /* NetworkLayer.swift in Sources */ = {isa = PBXBuildFile; fileRef = 381CDB0C2451B24D009673BF /* NetworkLayer.swift */; };
		381CDB0F2451B3EB009673BF /* Makeup.swift in Sources */ = {isa = PBXBuildFile; fileRef = 381CDB0E2451B3EB009673BF /* Makeup.swift */; };
		381CDB122451CA54009673BF /* BannerTableViewCell.swift in Sources */ = {isa = PBXBuildFile; fileRef = 381CDB102451CA54009673BF /* BannerTableViewCell.swift */; };
		381CDB132451CA54009673BF /* BannerTableViewCell.xib in Resources */ = {isa = PBXBuildFile; fileRef = 381CDB112451CA54009673BF /* BannerTableViewCell.xib */; };
		381CDB362451D1EC009673BF /* DiscoverTableViewCell.swift in Sources */ = {isa = PBXBuildFile; fileRef = 381CDB342451D1EC009673BF /* DiscoverTableViewCell.swift */; };
		381CDB372451D1EC009673BF /* DiscoverTableViewCell.xib in Resources */ = {isa = PBXBuildFile; fileRef = 381CDB352451D1EC009673BF /* DiscoverTableViewCell.xib */; };
		381CDB3A2451D2D2009673BF /* DiscoverCollectionViewCell.swift in Sources */ = {isa = PBXBuildFile; fileRef = 381CDB382451D2D2009673BF /* DiscoverCollectionViewCell.swift */; };
		381CDB3B2451D2D2009673BF /* DiscoverCollectionViewCell.xib in Resources */ = {isa = PBXBuildFile; fileRef = 381CDB392451D2D2009673BF /* DiscoverCollectionViewCell.xib */; };
/* End PBXBuildFile section */

/* Begin PBXFileReference section */
		381CDAF52451B1B5009673BF /* makeupStore.app */ = {isa = PBXFileReference; explicitFileType = wrapper.application; includeInIndex = 0; path = makeupStore.app; sourceTree = BUILT_PRODUCTS_DIR; };
		381CDAF82451B1B5009673BF /* AppDelegate.swift */ = {isa = PBXFileReference; lastKnownFileType = sourcecode.swift; path = AppDelegate.swift; sourceTree = "<group>"; };
		381CDAFA2451B1B5009673BF /* SceneDelegate.swift */ = {isa = PBXFileReference; lastKnownFileType = sourcecode.swift; path = SceneDelegate.swift; sourceTree = "<group>"; };
		381CDAFC2451B1B5009673BF /* ViewController.swift */ = {isa = PBXFileReference; lastKnownFileType = sourcecode.swift; path = ViewController.swift; sourceTree = "<group>"; };
		381CDAFF2451B1B5009673BF /* Base */ = {isa = PBXFileReference; lastKnownFileType = file.storyboard; name = Base; path = Base.lproj/Main.storyboard; sourceTree = "<group>"; };
		381CDB012451B1B6009673BF /* Assets.xcassets */ = {isa = PBXFileReference; lastKnownFileType = folder.assetcatalog; path = Assets.xcassets; sourceTree = "<group>"; };
		381CDB042451B1B6009673BF /* Base */ = {isa = PBXFileReference; lastKnownFileType = file.storyboard; name = Base; path = Base.lproj/LaunchScreen.storyboard; sourceTree = "<group>"; };
		381CDB062451B1B6009673BF /* Info.plist */ = {isa = PBXFileReference; lastKnownFileType = text.plist.xml; path = Info.plist; sourceTree = "<group>"; };
		381CDB0C2451B24D009673BF /* NetworkLayer.swift */ = {isa = PBXFileReference; lastKnownFileType = sourcecode.swift; path = NetworkLayer.swift; sourceTree = "<group>"; };
		381CDB0E2451B3EB009673BF /* Makeup.swift */ = {isa = PBXFileReference; lastKnownFileType = sourcecode.swift; path = Makeup.swift; sourceTree = "<group>"; };
		381CDB102451CA54009673BF /* BannerTableViewCell.swift */ = {isa = PBXFileReference; lastKnownFileType = sourcecode.swift; path = BannerTableViewCell.swift; sourceTree = "<group>"; };
		381CDB112451CA54009673BF /* BannerTableViewCell.xib */ = {isa = PBXFileReference; lastKnownFileType = file.xib; path = BannerTableViewCell.xib; sourceTree = "<group>"; };
		381CDB342451D1EC009673BF /* DiscoverTableViewCell.swift */ = {isa = PBXFileReference; lastKnownFileType = sourcecode.swift; path = DiscoverTableViewCell.swift; sourceTree = "<group>"; };
		381CDB352451D1EC009673BF /* DiscoverTableViewCell.xib */ = {isa = PBXFileReference; lastKnownFileType = file.xib; path = DiscoverTableViewCell.xib; sourceTree = "<group>"; };
		381CDB382451D2D2009673BF /* DiscoverCollectionViewCell.swift */ = {isa = PBXFileReference; lastKnownFileType = sourcecode.swift; path = DiscoverCollectionViewCell.swift; sourceTree = "<group>"; };
		381CDB392451D2D2009673BF /* DiscoverCollectionViewCell.xib */ = {isa = PBXFileReference; lastKnownFileType = file.xib; path = DiscoverCollectionViewCell.xib; sourceTree = "<group>"; };
/* End PBXFileReference section */

/* Begin PBXFrameworksBuildPhase section */
		381CDAF22451B1B5009673BF /* Frameworks */ = {
			isa = PBXFrameworksBuildPhase;
			buildActionMask = 2147483647;
			files = (
			);
			runOnlyForDeploymentPostprocessing = 0;
		};
/* End PBXFrameworksBuildPhase section */

/* Begin PBXGroup section */
		381CDAEC2451B1B5009673BF = {
			isa = PBXGroup;
			children = (
				381CDAF72451B1B5009673BF /* makeupStore */,
				381CDAF62451B1B5009673BF /* Products */,
			);
			sourceTree = "<group>";
		};
		381CDAF62451B1B5009673BF /* Products */ = {
			isa = PBXGroup;
			children = (
				381CDAF52451B1B5009673BF /* makeupStore.app */,
			);
			name = Products;
			sourceTree = "<group>";
		};
		381CDAF72451B1B5009673BF /* makeupStore */ = {
			isa = PBXGroup;
			children = (
				381CDAF82451B1B5009673BF /* AppDelegate.swift */,
				381CDAFA2451B1B5009673BF /* SceneDelegate.swift */,
				381CDAFC2451B1B5009673BF /* ViewController.swift */,
				381CDAFE2451B1B5009673BF /* Main.storyboard */,
				381CDB012451B1B6009673BF /* Assets.xcassets */,
				381CDB032451B1B6009673BF /* LaunchScreen.storyboard */,
				381CDB062451B1B6009673BF /* Info.plist */,
				381CDB0C2451B24D009673BF /* NetworkLayer.swift */,
				381CDB0E2451B3EB009673BF /* Makeup.swift */,
				381CDB102451CA54009673BF /* BannerTableViewCell.swift */,
				381CDB112451CA54009673BF /* BannerTableViewCell.xib */,
				381CDB342451D1EC009673BF /* DiscoverTableViewCell.swift */,
				381CDB352451D1EC009673BF /* DiscoverTableViewCell.xib */,
				381CDB382451D2D2009673BF /* DiscoverCollectionViewCell.swift */,
				381CDB392451D2D2009673BF /* DiscoverCollectionViewCell.xib */,
			);
			path = makeupStore;
			sourceTree = "<group>";
		};
/* End PBXGroup section */

/* Begin PBXNativeTarget section */
		381CDAF42451B1B5009673BF /* makeupStore */ = {
			isa = PBXNativeTarget;
			buildConfigurationList = 381CDB092451B1B6009673BF /* Build configuration list for PBXNativeTarget "makeupStore" */;
			buildPhases = (
				381CDAF12451B1B5009673BF /* Sources */,
				381CDAF22451B1B5009673BF /* Frameworks */,
				381CDAF32451B1B5009673BF /* Resources */,
			);
			buildRules = (
			);
			dependencies = (
			);
			name = makeupStore;
			productName = makeupStore;
			productReference = 381CDAF52451B1B5009673BF /* makeupStore.app */;
			productType = "com.apple.product-type.application";
		};
/* End PBXNativeTarget section */

/* Begin PBXProject section */
		381CDAED2451B1B5009673BF /* Project object */ = {
			isa = PBXProject;
			attributes = {
				LastSwiftUpdateCheck = 1130;
				LastUpgradeCheck = 1130;
				ORGANIZATIONNAME = "Vania Radmila Alfitri";
				TargetAttributes = {
					381CDAF42451B1B5009673BF = {
						CreatedOnToolsVersion = 11.3.1;
					};
				};
			};
			buildConfigurationList = 381CDAF02451B1B5009673BF /* Build configuration list for PBXProject "makeupStore" */;
			compatibilityVersion = "Xcode 9.3";
			developmentRegion = en;
			hasScannedForEncodings = 0;
			knownRegions = (
				en,
				Base,
			);
			mainGroup = 381CDAEC2451B1B5009673BF;
			productRefGroup = 381CDAF62451B1B5009673BF /* Products */;
			projectDirPath = "";
			projectRoot = "";
			targets = (
				381CDAF42451B1B5009673BF /* makeupStore */,
			);
		};
/* End PBXProject section */

/* Begin PBXResourcesBuildPhase section */
		381CDAF32451B1B5009673BF /* Resources */ = {
			isa = PBXResourcesBuildPhase;
			buildActionMask = 2147483647;
			files = (
				381CDB372451D1EC009673BF /* DiscoverTableViewCell.xib in Resources */,
				381CDB3B2451D2D2009673BF /* DiscoverCollectionViewCell.xib in Resources */,
				381CDB052451B1B6009673BF /* LaunchScreen.storyboard in Resources */,
				381CDB132451CA54009673BF /* BannerTableViewCell.xib in Resources */,
				381CDB022451B1B6009673BF /* Assets.xcassets in Resources */,
				381CDB002451B1B5009673BF /* Main.storyboard in Resources */,
			);
			runOnlyForDeploymentPostprocessing = 0;
		};
/* End PBXResourcesBuildPhase section */

/* Begin PBXSourcesBuildPhase section */
		381CDAF12451B1B5009673BF /* Sources */ = {
			isa = PBXSourcesBuildPhase;
			buildActionMask = 2147483647;
			files = (
				381CDB0D2451B24D009673BF /* NetworkLayer.swift in Sources */,
				381CDAFD2451B1B5009673BF /* ViewController.swift in Sources */,
				381CDB3A2451D2D2009673BF /* DiscoverCollectionViewCell.swift in Sources */,
				381CDB0F2451B3EB009673BF /* Makeup.swift in Sources */,
				381CDB122451CA54009673BF /* BannerTableViewCell.swift in Sources */,
				381CDAF92451B1B5009673BF /* AppDelegate.swift in Sources */,
				381CDB362451D1EC009673BF /* DiscoverTableViewCell.swift in Sources */,
				381CDAFB2451B1B5009673BF /* SceneDelegate.swift in Sources */,
			);
			runOnlyForDeploymentPostprocessing = 0;
		};
/* End PBXSourcesBuildPhase section */

/* Begin PBXVariantGroup section */
		381CDAFE2451B1B5009673BF /* Main.storyboard */ = {
			isa = PBXVariantGroup;
			children = (
				381CDAFF2451B1B5009673BF /* Base */,
			);
			name = Main.storyboard;
			sourceTree = "<group>";
		};
		381CDB032451B1B6009673BF /* LaunchScreen.storyboard */ = {
			isa = PBXVariantGroup;
			children = (
				381CDB042451B1B6009673BF /* Base */,
			);
			name = LaunchScreen.storyboard;
			sourceTree = "<group>";
		};
/* End PBXVariantGroup section */

/* Begin XCBuildConfiguration section */
		381CDB072451B1B6009673BF /* Debug */ = {
			isa = XCBuildConfiguration;
			buildSettings = {
				ALWAYS_SEARCH_USER_PATHS = NO;
				CLANG_ANALYZER_NONNULL = YES;
				CLANG_ANALYZER_NUMBER_OBJECT_CONVERSION = YES_AGGRESSIVE;
				CLANG_CXX_LANGUAGE_STANDARD = "gnu++14";
				CLANG_CXX_LIBRARY = "libc++";
				CLANG_ENABLE_MODULES = YES;
				CLANG_ENABLE_OBJC_ARC = YES;
				CLANG_ENABLE_OBJC_WEAK = YES;
				CLANG_WARN_BLOCK_CAPTURE_AUTORELEASING = YES;
				CLANG_WARN_BOOL_CONVERSION = YES;
				CLANG_WARN_COMMA = YES;
				CLANG_WARN_CONSTANT_CONVERSION = YES;
				CLANG_WARN_DEPRECATED_OBJC_IMPLEMENTATIONS = YES;
				CLANG_WARN_DIRECT_OBJC_ISA_USAGE = YES_ERROR;
				CLANG_WARN_DOCUMENTATION_COMMENTS = YES;
				CLANG_WARN_EMPTY_BODY = YES;
				CLANG_WARN_ENUM_CONVERSION = YES;
				CLANG_WARN_INFINITE_RECURSION = YES;
				CLANG_WARN_INT_CONVERSION = YES;
				CLANG_WARN_NON_LITERAL_NULL_CONVERSION = YES;
				CLANG_WARN_OBJC_IMPLICIT_RETAIN_SELF = YES;
				CLANG_WARN_OBJC_LITERAL_CONVERSION = YES;
				CLANG_WARN_OBJC_ROOT_CLASS = YES_ERROR;
				CLANG_WARN_RANGE_LOOP_ANALYSIS = YES;
				CLANG_WARN_STRICT_PROTOTYPES = YES;
				CLANG_WARN_SUSPICIOUS_MOVE = YES;
				CLANG_WARN_UNGUARDED_AVAILABILITY = YES_AGGRESSIVE;
				CLANG_WARN_UNREACHABLE_CODE = YES;
				CLANG_WARN__DUPLICATE_METHOD_MATCH = YES;
				COPY_PHASE_STRIP = NO;
				DEBUG_INFORMATION_FORMAT = dwarf;
				ENABLE_STRICT_OBJC_MSGSEND = YES;
				ENABLE_TESTABILITY = YES;
				GCC_C_LANGUAGE_STANDARD = gnu11;
				GCC_DYNAMIC_NO_PIC = NO;
				GCC_NO_COMMON_BLOCKS = YES;
				GCC_OPTIMIZATION_LEVEL = 0;
				GCC_PREPROCESSOR_DEFINITIONS = (
					"DEBUG=1",
					"$(inherited)",
				);
				GCC_WARN_64_TO_32_BIT_CONVERSION = YES;
				GCC_WARN_ABOUT_RETURN_TYPE = YES_ERROR;
				GCC_WARN_UNDECLARED_SELECTOR = YES;
				GCC_WARN_UNINITIALIZED_AUTOS = YES_AGGRESSIVE;
				GCC_WARN_UNUSED_FUNCTION = YES;
				GCC_WARN_UNUSED_VARIABLE = YES;
				IPHONEOS_DEPLOYMENT_TARGET = 13.2;
				MTL_ENABLE_DEBUG_INFO = INCLUDE_SOURCE;
				MTL_FAST_MATH = YES;
				ONLY_ACTIVE_ARCH = YES;
				SDKROOT = iphoneos;
				SWIFT_ACTIVE_COMPILATION_CONDITIONS = DEBUG;
				SWIFT_OPTIMIZATION_LEVEL = "-Onone";
			};
			name = Debug;
		};
		381CDB082451B1B6009673BF /* Release */ = {
			isa = XCBuildConfiguration;
			buildSettings = {
				ALWAYS_SEARCH_USER_PATHS = NO;
				CLANG_ANALYZER_NONNULL = YES;
				CLANG_ANALYZER_NUMBER_OBJECT_CONVERSION = YES_AGGRESSIVE;
				CLANG_CXX_LANGUAGE_STANDARD = "gnu++14";
				CLANG_CXX_LIBRARY = "libc++";
				CLANG_ENABLE_MODULES = YES;
				CLANG_ENABLE_OBJC_ARC = YES;
				CLANG_ENABLE_OBJC_WEAK = YES;
				CLANG_WARN_BLOCK_CAPTURE_AUTORELEASING = YES;
				CLANG_WARN_BOOL_CONVERSION = YES;
				CLANG_WARN_COMMA = YES;
				CLANG_WARN_CONSTANT_CONVERSION = YES;
				CLANG_WARN_DEPRECATED_OBJC_IMPLEMENTATIONS = YES;
				CLANG_WARN_DIRECT_OBJC_ISA_USAGE = YES_ERROR;
				CLANG_WARN_DOCUMENTATION_COMMENTS = YES;
				CLANG_WARN_EMPTY_BODY = YES;
				CLANG_WARN_ENUM_CONVERSION = YES;
				CLANG_WARN_INFINITE_RECURSION = YES;
				CLANG_WARN_INT_CONVERSION = YES;
				CLANG_WARN_NON_LITERAL_NULL_CONVERSION = YES;
				CLANG_WARN_OBJC_IMPLICIT_RETAIN_SELF = YES;
				CLANG_WARN_OBJC_LITERAL_CONVERSION = YES;
				CLANG_WARN_OBJC_ROOT_CLASS = YES_ERROR;
				CLANG_WARN_RANGE_LOOP_ANALYSIS = YES;
				CLANG_WARN_STRICT_PROTOTYPES = YES;
				CLANG_WARN_SUSPICIOUS_MOVE = YES;
				CLANG_WARN_UNGUARDED_AVAILABILITY = YES_AGGRESSIVE;
				CLANG_WARN_UNREACHABLE_CODE = YES;
				CLANG_WARN__DUPLICATE_METHOD_MATCH = YES;
				COPY_PHASE_STRIP = NO;
				DEBUG_INFORMATION_FORMAT = "dwarf-with-dsym";
				ENABLE_NS_ASSERTIONS = NO;
				ENABLE_STRICT_OBJC_MSGSEND = YES;
				GCC_C_LANGUAGE_STANDARD = gnu11;
				GCC_NO_COMMON_BLOCKS = YES;
				GCC_WARN_64_TO_32_BIT_CONVERSION = YES;
				GCC_WARN_ABOUT_RETURN_TYPE = YES_ERROR;
				GCC_WARN_UNDECLARED_SELECTOR = YES;
				GCC_WARN_UNINITIALIZED_AUTOS = YES_AGGRESSIVE;
				GCC_WARN_UNUSED_FUNCTION = YES;
				GCC_WARN_UNUSED_VARIABLE = YES;
				IPHONEOS_DEPLOYMENT_TARGET = 13.2;
				MTL_ENABLE_DEBUG_INFO = NO;
				MTL_FAST_MATH = YES;
				SDKROOT = iphoneos;
				SWIFT_COMPILATION_MODE = wholemodule;
				SWIFT_OPTIMIZATION_LEVEL = "-O";
				VALIDATE_PRODUCT = YES;
			};
			name = Release;
		};
		381CDB0A2451B1B6009673BF /* Debug */ = {
			isa = XCBuildConfiguration;
			buildSettings = {
				ASSETCATALOG_COMPILER_APPICON_NAME = AppIcon;
				CODE_SIGN_STYLE = Automatic;
				DEVELOPMENT_TEAM = D6ZFFGJQCK;
				INFOPLIST_FILE = makeupStore/Info.plist;
				LD_RUNPATH_SEARCH_PATHS = (
					"$(inherited)",
					"@executable_path/Frameworks",
				);
				PRODUCT_BUNDLE_IDENTIFIER = com.mila.makeupStore;
				PRODUCT_NAME = "$(TARGET_NAME)";
				SWIFT_VERSION = 5.0;
				TARGETED_DEVICE_FAMILY = "1,2";
			};
			name = Debug;
		};
		381CDB0B2451B1B6009673BF /* Release */ = {
			isa = XCBuildConfiguration;
			buildSettings = {
				ASSETCATALOG_COMPILER_APPICON_NAME = AppIcon;
				CODE_SIGN_STYLE = Automatic;
				DEVELOPMENT_TEAM = D6ZFFGJQCK;
				INFOPLIST_FILE = makeupStore/Info.plist;
				LD_RUNPATH_SEARCH_PATHS = (
					"$(inherited)",
					"@executable_path/Frameworks",
				);
				PRODUCT_BUNDLE_IDENTIFIER = com.mila.makeupStore;
				PRODUCT_NAME = "$(TARGET_NAME)";
				SWIFT_VERSION = 5.0;
				TARGETED_DEVICE_FAMILY = "1,2";
			};
			name = Release;
		};
/* End XCBuildConfiguration section */

/* Begin XCConfigurationList section */
		381CDAF02451B1B5009673BF /* Build configuration list for PBXProject "makeupStore" */ = {
			isa = XCConfigurationList;
			buildConfigurations = (
				381CDB072451B1B6009673BF /* Debug */,
				381CDB082451B1B6009673BF /* Release */,
			);
			defaultConfigurationIsVisible = 0;
			defaultConfigurationName = Release;
		};
		381CDB092451B1B6009673BF /* Build configuration list for PBXNativeTarget "makeupStore" */ = {
			isa = XCConfigurationList;
			buildConfigurations = (
				381CDB0A2451B1B6009673BF /* Debug */,
				381CDB0B2451B1B6009673BF /* Release */,
			);
			defaultConfigurationIsVisible = 0;
			defaultConfigurationName = Release;
		};
/* End XCConfigurationList section */
	};
	rootObject = 381CDAED2451B1B5009673BF /* Project object */;
}
