// !$*UTF8*$!
{
	archiveVersion = 1;
	classes = {
	};
	objectVersion = 52;
	objects = {

/* Begin PBXBuildFile section */
		381CDAF92451B1B5009673BF /* AppDelegate.swift in Sources */ = {isa = PBXBuildFile; fileRef = 381CDAF82451B1B5009673BF /* AppDelegate.swift */; };
		381CDAFB2451B1B5009673BF /* SceneDelegate.swift in Sources */ = {isa = PBXBuildFile; fileRef = 381CDAFA2451B1B5009673BF /* SceneDelegate.swift */; };
		381CDAFD2451B1B5009673BF /* ViewController.swift in Sources */ = {isa = PBXBuildFile; fileRef = 381CDAFC2451B1B5009673BF /* ViewController.swift */; };
		381CDB002451B1B5009673BF /* Main.storyboard in Resources */ = {isa = PBXBuildFile; fileRef = 381CDAFE2451B1B5009673BF /* Main.storyboard */; };
		381CDB022451B1B6009673BF /* Assets.xcassets in Resources */ = {isa = PBXBuildFile; fileRef = 381CDB012451B1B6009673BF /* Assets.xcassets */; };
		381CDB052451B1B6009673BF /* LaunchScreen.storyboard in Resources */ = {isa = PBXBuildFile; fileRef = 381CDB032451B1B6009673BF /* LaunchScreen.storyboard */; };
		381CDB0D2451B24D009673BF /* NetworkLayer.swift in Sources */ = {isa = PBXBuildFile; fileRef = 381CDB0C2451B24D009673BF /* NetworkLayer.swift */; };
		381CDB0F2451B3EB009673BF /* Makeup.swift in Sources */ = {isa = PBXBuildFile; fileRef = 381CDB0E2451B3EB009673BF /* Makeup.swift */; };
		381CDB122451CA54009673BF /* BannerTableViewCell.swift in Sources */ = {isa = PBXBuildFile; fileRef = 381CDB102451CA54009673BF /* BannerTableViewCell.swift */; };
		381CDB132451CA54009673BF /* BannerTableViewCell.xib in Resources */ = {isa = PBXBuildFile; fileRef = 381CDB112451CA54009673BF /* BannerTableViewCell.xib */; };
		381CDB362451D1EC009673BF /* DiscoverTableViewCell.swift in Sources */ = {isa = PBXBuildFile; fileRef = 381CDB342451D1EC009673BF /* DiscoverTableViewCell.swift */; };
		381CDB372451D1EC009673BF /* DiscoverTableViewCell.xib in Resources */ = {isa = PBXBuildFile; fileRef = 381CDB352451D1EC009673BF /* DiscoverTableViewCell.xib */; };
		381CDB3A2451D2D2009673BF /* DiscoverCollectionViewCell.swift in Sources */ = {isa = PBXBuildFile; fileRef = 381CDB382451D2D2009673BF /* DiscoverCollectionViewCell.swift */; };
		381CDB3B2451D2D2009673BF /* DiscoverCollectionViewCell.xib in Resources */ = {isa = PBXBuildFile; fileRef = 381CDB392451D2D2009673BF /* DiscoverCollectionViewCell.xib */; };
		381CDB3F2452DDD3009673BF /* makeup.json in Resources */ = {isa = PBXBuildFile; fileRef = 381CDB3E2452DDD3009673BF /* makeup.json */; };
		381CDB462452EF67009673BF /* NewArrivalsTableViewCell.swift in Sources */ = {isa = PBXBuildFile; fileRef = 381CDB442452EF67009673BF /* NewArrivalsTableViewCell.swift */; };
		381CDB472452EF67009673BF /* NewArrivalsTableViewCell.xib in Resources */ = {isa = PBXBuildFile; fileRef = 381CDB452452EF67009673BF /* NewArrivalsTableViewCell.xib */; };
		381CDB4A2452F3D3009673BF /* NewArrivalCollectionViewCell.swift in Sources */ = {isa = PBXBuildFile; fileRef = 381CDB482452F3D3009673BF /* NewArrivalCollectionViewCell.swift */; };
		381CDB4B2452F3D3009673BF /* NewArrivalCollectionViewCell.xib in Resources */ = {isa = PBXBuildFile; fileRef = 381CDB492452F3D3009673BF /* NewArrivalCollectionViewCell.xib */; };
		386C4770245336D300428780 /* Kingfisher in Frameworks */ = {isa = PBXBuildFile; productRef = 386C476F245336D300428780 /* Kingfisher */; };
		386C477324533F4F00428780 /* BestSellersTableViewCell.swift in Sources */ = {isa = PBXBuildFile; fileRef = 386C477124533F4F00428780 /* BestSellersTableViewCell.swift */; };
		386C477424533F4F00428780 /* BestSellersTableViewCell.xib in Resources */ = {isa = PBXBuildFile; fileRef = 386C477224533F4F00428780 /* BestSellersTableViewCell.xib */; };
		386C47772453430300428780 /* BestSellersCollectionViewCell.swift in Sources */ = {isa = PBXBuildFile; fileRef = 386C47752453430300428780 /* BestSellersCollectionViewCell.swift */; };
		386C47782453430300428780 /* BestSellersCollectionViewCell.xib in Resources */ = {isa = PBXBuildFile; fileRef = 386C47762453430300428780 /* BestSellersCollectionViewCell.xib */; };
		386C477B2454575B00428780 /* DetailViewController.swift in Sources */ = {isa = PBXBuildFile; fileRef = 386C47792454575B00428780 /* DetailViewController.swift */; };
		386C477C2454575B00428780 /* DetailViewController.xib in Resources */ = {isa = PBXBuildFile; fileRef = 386C477A2454575B00428780 /* DetailViewController.xib */; };
		386C477F2454759E00428780 /* DetailImageTableViewCell.swift in Sources */ = {isa = PBXBuildFile; fileRef = 386C477D2454759E00428780 /* DetailImageTableViewCell.swift */; };
		386C47802454759E00428780 /* DetailImageTableViewCell.xib in Resources */ = {isa = PBXBuildFile; fileRef = 386C477E2454759E00428780 /* DetailImageTableViewCell.xib */; };
		386C47832454774A00428780 /* DetailInfoTableViewCell.swift in Sources */ = {isa = PBXBuildFile; fileRef = 386C47812454774A00428780 /* DetailInfoTableViewCell.swift */; };
		386C47842454774A00428780 /* DetailInfoTableViewCell.xib in Resources */ = {isa = PBXBuildFile; fileRef = 386C47822454774A00428780 /* DetailInfoTableViewCell.xib */; };
		386C47872454842800428780 /* DescriptionTableViewCell.swift in Sources */ = {isa = PBXBuildFile; fileRef = 386C47852454842800428780 /* DescriptionTableViewCell.swift */; };
		386C47882454842800428780 /* DescriptionTableViewCell.xib in Resources */ = {isa = PBXBuildFile; fileRef = 386C47862454842800428780 /* DescriptionTableViewCell.xib */; };
		386C478B2454979100428780 /* CheckoutViewController.swift in Sources */ = {isa = PBXBuildFile; fileRef = 386C47892454979100428780 /* CheckoutViewController.swift */; };
		386C478C2454979100428780 /* CheckoutViewController.xib in Resources */ = {isa = PBXBuildFile; fileRef = 386C478A2454979100428780 /* CheckoutViewController.xib */; };
		38DA2B632454A4C500B65221 /* OrderItemsTableViewCell.swift in Sources */ = {isa = PBXBuildFile; fileRef = 38DA2B612454A4C500B65221 /* OrderItemsTableViewCell.swift */; };
		38DA2B642454A4C500B65221 /* OrderItemsTableViewCell.xib in Resources */ = {isa = PBXBuildFile; fileRef = 38DA2B622454A4C500B65221 /* OrderItemsTableViewCell.xib */; };
		38DA2B67245554E800B65221 /* ItemSuggestionTableViewCell.swift in Sources */ = {isa = PBXBuildFile; fileRef = 38DA2B65245554E800B65221 /* ItemSuggestionTableViewCell.swift */; };
		38DA2B68245554E800B65221 /* ItemSuggestionTableViewCell.xib in Resources */ = {isa = PBXBuildFile; fileRef = 38DA2B66245554E800B65221 /* ItemSuggestionTableViewCell.xib */; };
		38DA2B6F2455581100B65221 /* CheckoutItemTableViewCell.swift in Sources */ = {isa = PBXBuildFile; fileRef = 38DA2B6D2455581100B65221 /* CheckoutItemTableViewCell.swift */; };
		38DA2B702455581100B65221 /* CheckoutItemTableViewCell.xib in Resources */ = {isa = PBXBuildFile; fileRef = 38DA2B6E2455581100B65221 /* CheckoutItemTableViewCell.xib */; };
		38DA2B73245566BC00B65221 /* PricingInfoTableViewCell.swift in Sources */ = {isa = PBXBuildFile; fileRef = 38DA2B71245566BC00B65221 /* PricingInfoTableViewCell.swift */; };
		38DA2B74245566BC00B65221 /* PricingInfoTableViewCell.xib in Resources */ = {isa = PBXBuildFile; fileRef = 38DA2B72245566BC00B65221 /* PricingInfoTableViewCell.xib */; };
		38DA2B772455A9D600B65221 /* PurchaseSuccessViewController.swift in Sources */ = {isa = PBXBuildFile; fileRef = 38DA2B752455A9D600B65221 /* PurchaseSuccessViewController.swift */; };
		38DA2B782455A9D600B65221 /* PurchaseSuccessViewController.xib in Resources */ = {isa = PBXBuildFile; fileRef = 38DA2B762455A9D600B65221 /* PurchaseSuccessViewController.xib */; };
		38DA2B7B245688C000B65221 /* BrandCollectionViewController.swift in Sources */ = {isa = PBXBuildFile; fileRef = 38DA2B79245688C000B65221 /* BrandCollectionViewController.swift */; };
		38DA2B7C245688C000B65221 /* BrandCollectionViewController.xib in Resources */ = {isa = PBXBuildFile; fileRef = 38DA2B7A245688C000B65221 /* BrandCollectionViewController.xib */; };
		38DA2B85245928DB00B65221 /* project_makeup_final.mov in Resources */ = {isa = PBXBuildFile; fileRef = 38DA2B84245928DA00B65221 /* project_makeup_final.mov */; };
/* End PBXBuildFile section */

/* Begin PBXFileReference section */
		381CDAF52451B1B5009673BF /* makeupStore.app */ = {isa = PBXFileReference; explicitFileType = wrapper.application; includeInIndex = 0; path = makeupStore.app; sourceTree = BUILT_PRODUCTS_DIR; };
		381CDAF82451B1B5009673BF /* AppDelegate.swift */ = {isa = PBXFileReference; lastKnownFileType = sourcecode.swift; path = AppDelegate.swift; sourceTree = "<group>"; };
		381CDAFA2451B1B5009673BF /* SceneDelegate.swift */ = {isa = PBXFileReference; lastKnownFileType = sourcecode.swift; path = SceneDelegate.swift; sourceTree = "<group>"; };
		381CDAFC2451B1B5009673BF /* ViewController.swift */ = {isa = PBXFileReference; lastKnownFileType = sourcecode.swift; path = ViewController.swift; sourceTree = "<group>"; };
		381CDAFF2451B1B5009673BF /* Base */ = {isa = PBXFileReference; lastKnownFileType = file.storyboard; name = Base; path = Base.lproj/Main.storyboard; sourceTree = "<group>"; };
		381CDB012451B1B6009673BF /* Assets.xcassets */ = {isa = PBXFileReference; lastKnownFileType = folder.assetcatalog; path = Assets.xcassets; sourceTree = "<group>"; };
		381CDB042451B1B6009673BF /* Base */ = {isa = PBXFileReference; lastKnownFileType = file.storyboard; name = Base; path = Base.lproj/LaunchScreen.storyboard; sourceTree = "<group>"; };
		381CDB062451B1B6009673BF /* Info.plist */ = {isa = PBXFileReference; lastKnownFileType = text.plist.xml; path = Info.plist; sourceTree = "<group>"; };
		381CDB0C2451B24D009673BF /* NetworkLayer.swift */ = {isa = PBXFileReference; lastKnownFileType = sourcecode.swift; path = NetworkLayer.swift; sourceTree = "<group>"; };
		381CDB0E2451B3EB009673BF /* Makeup.swift */ = {isa = PBXFileReference; lastKnownFileType = sourcecode.swift; path = Makeup.swift; sourceTree = "<group>"; };
		381CDB102451CA54009673BF /* BannerTableViewCell.swift */ = {isa = PBXFileReference; lastKnownFileType = sourcecode.swift; path = BannerTableViewCell.swift; sourceTree = "<group>"; };
		381CDB112451CA54009673BF /* BannerTableViewCell.xib */ = {isa = PBXFileReference; lastKnownFileType = file.xib; path = BannerTableViewCell.xib; sourceTree = "<group>"; };
		381CDB342451D1EC009673BF /* DiscoverTableViewCell.swift */ = {isa = PBXFileReference; lastKnownFileType = sourcecode.swift; path = DiscoverTableViewCell.swift; sourceTree = "<group>"; };
		381CDB352451D1EC009673BF /* DiscoverTableViewCell.xib */ = {isa = PBXFileReference; lastKnownFileType = file.xib; path = DiscoverTableViewCell.xib; sourceTree = "<group>"; };
		381CDB382451D2D2009673BF /* DiscoverCollectionViewCell.swift */ = {isa = PBXFileReference; lastKnownFileType = sourcecode.swift; path = DiscoverCollectionViewCell.swift; sourceTree = "<group>"; };
		381CDB392451D2D2009673BF /* DiscoverCollectionViewCell.xib */ = {isa = PBXFileReference; lastKnownFileType = file.xib; path = DiscoverCollectionViewCell.xib; sourceTree = "<group>"; };
		381CDB3E2452DDD3009673BF /* makeup.json */ = {isa = PBXFileReference; fileEncoding = 4; lastKnownFileType = text.json; path = makeup.json; sourceTree = "<group>"; };
		381CDB442452EF67009673BF /* NewArrivalsTableViewCell.swift */ = {isa = PBXFileReference; lastKnownFileType = sourcecode.swift; path = NewArrivalsTableViewCell.swift; sourceTree = "<group>"; };
		381CDB452452EF67009673BF /* NewArrivalsTableViewCell.xib */ = {isa = PBXFileReference; lastKnownFileType = file.xib; path = NewArrivalsTableViewCell.xib; sourceTree = "<group>"; };
		381CDB482452F3D3009673BF /* NewArrivalCollectionViewCell.swift */ = {isa = PBXFileReference; lastKnownFileType = sourcecode.swift; path = NewArrivalCollectionViewCell.swift; sourceTree = "<group>"; };
		381CDB492452F3D3009673BF /* NewArrivalCollectionViewCell.xib */ = {isa = PBXFileReference; lastKnownFileType = file.xib; path = NewArrivalCollectionViewCell.xib; sourceTree = "<group>"; };
		386C477124533F4F00428780 /* BestSellersTableViewCell.swift */ = {isa = PBXFileReference; lastKnownFileType = sourcecode.swift; path = BestSellersTableViewCell.swift; sourceTree = "<group>"; };
		386C477224533F4F00428780 /* BestSellersTableViewCell.xib */ = {isa = PBXFileReference; lastKnownFileType = file.xib; path = BestSellersTableViewCell.xib; sourceTree = "<group>"; };
		386C47752453430300428780 /* BestSellersCollectionViewCell.swift */ = {isa = PBXFileReference; lastKnownFileType = sourcecode.swift; path = BestSellersCollectionViewCell.swift; sourceTree = "<group>"; };
		386C47762453430300428780 /* BestSellersCollectionViewCell.xib */ = {isa = PBXFileReference; lastKnownFileType = file.xib; path = BestSellersCollectionViewCell.xib; sourceTree = "<group>"; };
		386C47792454575B00428780 /* DetailViewController.swift */ = {isa = PBXFileReference; lastKnownFileType = sourcecode.swift; path = DetailViewController.swift; sourceTree = "<group>"; };
		386C477A2454575B00428780 /* DetailViewController.xib */ = {isa = PBXFileReference; lastKnownFileType = file.xib; path = DetailViewController.xib; sourceTree = "<group>"; };
		386C477D2454759E00428780 /* DetailImageTableViewCell.swift */ = {isa = PBXFileReference; lastKnownFileType = sourcecode.swift; path = DetailImageTableViewCell.swift; sourceTree = "<group>"; };
		386C477E2454759E00428780 /* DetailImageTableViewCell.xib */ = {isa = PBXFileReference; lastKnownFileType = file.xib; path = DetailImageTableViewCell.xib; sourceTree = "<group>"; };
		386C47812454774A00428780 /* DetailInfoTableViewCell.swift */ = {isa = PBXFileReference; lastKnownFileType = sourcecode.swift; path = DetailInfoTableViewCell.swift; sourceTree = "<group>"; };
		386C47822454774A00428780 /* DetailInfoTableViewCell.xib */ = {isa = PBXFileReference; lastKnownFileType = file.xib; path = DetailInfoTableViewCell.xib; sourceTree = "<group>"; };
		386C47852454842800428780 /* DescriptionTableViewCell.swift */ = {isa = PBXFileReference; lastKnownFileType = sourcecode.swift; path = DescriptionTableViewCell.swift; sourceTree = "<group>"; };
		386C47862454842800428780 /* DescriptionTableViewCell.xib */ = {isa = PBXFileReference; lastKnownFileType = file.xib; path = DescriptionTableViewCell.xib; sourceTree = "<group>"; };
		386C47892454979100428780 /* CheckoutViewController.swift */ = {isa = PBXFileReference; lastKnownFileType = sourcecode.swift; path = CheckoutViewController.swift; sourceTree = "<group>"; };
		386C478A2454979100428780 /* CheckoutViewController.xib */ = {isa = PBXFileReference; lastKnownFileType = file.xib; path = CheckoutViewController.xib; sourceTree = "<group>"; };
		38DA2B612454A4C500B65221 /* OrderItemsTableViewCell.swift */ = {isa = PBXFileReference; lastKnownFileType = sourcecode.swift; path = OrderItemsTableViewCell.swift; sourceTree = "<group>"; };
		38DA2B622454A4C500B65221 /* OrderItemsTableViewCell.xib */ = {isa = PBXFileReference; lastKnownFileType = file.xib; path = OrderItemsTableViewCell.xib; sourceTree = "<group>"; };
		38DA2B65245554E800B65221 /* ItemSuggestionTableViewCell.swift */ = {isa = PBXFileReference; lastKnownFileType = sourcecode.swift; path = ItemSuggestionTableViewCell.swift; sourceTree = "<group>"; };
		38DA2B66245554E800B65221 /* ItemSuggestionTableViewCell.xib */ = {isa = PBXFileReference; lastKnownFileType = file.xib; path = ItemSuggestionTableViewCell.xib; sourceTree = "<group>"; };
		38DA2B6D2455581100B65221 /* CheckoutItemTableViewCell.swift */ = {isa = PBXFileReference; lastKnownFileType = sourcecode.swift; path = CheckoutItemTableViewCell.swift; sourceTree = "<group>"; };
		38DA2B6E2455581100B65221 /* CheckoutItemTableViewCell.xib */ = {isa = PBXFileReference; lastKnownFileType = file.xib; path = CheckoutItemTableViewCell.xib; sourceTree = "<group>"; };
		38DA2B71245566BC00B65221 /* PricingInfoTableViewCell.swift */ = {isa = PBXFileReference; lastKnownFileType = sourcecode.swift; path = PricingInfoTableViewCell.swift; sourceTree = "<group>"; };
		38DA2B72245566BC00B65221 /* PricingInfoTableViewCell.xib */ = {isa = PBXFileReference; lastKnownFileType = file.xib; path = PricingInfoTableViewCell.xib; sourceTree = "<group>"; };
		38DA2B752455A9D600B65221 /* PurchaseSuccessViewController.swift */ = {isa = PBXFileReference; lastKnownFileType = sourcecode.swift; path = PurchaseSuccessViewController.swift; sourceTree = "<group>"; };
		38DA2B762455A9D600B65221 /* PurchaseSuccessViewController.xib */ = {isa = PBXFileReference; lastKnownFileType = file.xib; path = PurchaseSuccessViewController.xib; sourceTree = "<group>"; };
		38DA2B79245688C000B65221 /* BrandCollectionViewController.swift */ = {isa = PBXFileReference; lastKnownFileType = sourcecode.swift; path = BrandCollectionViewController.swift; sourceTree = "<group>"; };
		38DA2B7A245688C000B65221 /* BrandCollectionViewController.xib */ = {isa = PBXFileReference; lastKnownFileType = file.xib; path = BrandCollectionViewController.xib; sourceTree = "<group>"; };
		38DA2B84245928DA00B65221 /* project_makeup_final.mov */ = {isa = PBXFileReference; lastKnownFileType = video.quicktime; path = project_makeup_final.mov; sourceTree = "<group>"; };
/* End PBXFileReference section */

/* Begin PBXFrameworksBuildPhase section */
		381CDAF22451B1B5009673BF /* Frameworks */ = {
			isa = PBXFrameworksBuildPhase;
			buildActionMask = 2147483647;
			files = (
				386C4770245336D300428780 /* Kingfisher in Frameworks */,
			);
			runOnlyForDeploymentPostprocessing = 0;
		};
/* End PBXFrameworksBuildPhase section */

/* Begin PBXGroup section */
		381CDAEC2451B1B5009673BF = {
			isa = PBXGroup;
			children = (
				381CDAF72451B1B5009673BF /* makeupStore */,
				381CDAF62451B1B5009673BF /* Products */,
			);
			sourceTree = "<group>";
		};
		381CDAF62451B1B5009673BF /* Products */ = {
			isa = PBXGroup;
			children = (
				381CDAF52451B1B5009673BF /* makeupStore.app */,
			);
			name = Products;
			sourceTree = "<group>";
		};
		381CDAF72451B1B5009673BF /* makeupStore */ = {
			isa = PBXGroup;
			children = (
				38DA2B83245885F200B65221 /* Checkout */,
				38DA2B82245885D000B65221 /* Detail */,
				38DA2B812458850100B65221 /* Home */,
				381CDAF82451B1B5009673BF /* AppDelegate.swift */,
				381CDAFA2451B1B5009673BF /* SceneDelegate.swift */,
				381CDB012451B1B6009673BF /* Assets.xcassets */,
				38DA2B84245928DA00B65221 /* project_makeup_final.mov */,
				381CDB032451B1B6009673BF /* LaunchScreen.storyboard */,
				381CDB062451B1B6009673BF /* Info.plist */,
				381CDB3E2452DDD3009673BF /* makeup.json */,
				381CDB0C2451B24D009673BF /* NetworkLayer.swift */,
				381CDB0E2451B3EB009673BF /* Makeup.swift */,
			);
			path = makeupStore;
			sourceTree = "<group>";
		};
		38DA2B812458850100B65221 /* Home */ = {
			isa = PBXGroup;
			children = (
				381CDAFC2451B1B5009673BF /* ViewController.swift */,
				381CDB102451CA54009673BF /* BannerTableViewCell.swift */,
				381CDB112451CA54009673BF /* BannerTableViewCell.xib */,
				381CDAFE2451B1B5009673BF /* Main.storyboard */,
				381CDB342451D1EC009673BF /* DiscoverTableViewCell.swift */,
				381CDB352451D1EC009673BF /* DiscoverTableViewCell.xib */,
				381CDB382451D2D2009673BF /* DiscoverCollectionViewCell.swift */,
				381CDB392451D2D2009673BF /* DiscoverCollectionViewCell.xib */,
				381CDB442452EF67009673BF /* NewArrivalsTableViewCell.swift */,
				381CDB452452EF67009673BF /* NewArrivalsTableViewCell.xib */,
				381CDB482452F3D3009673BF /* NewArrivalCollectionViewCell.swift */,
				381CDB492452F3D3009673BF /* NewArrivalCollectionViewCell.xib */,
				386C477124533F4F00428780 /* BestSellersTableViewCell.swift */,
				386C477224533F4F00428780 /* BestSellersTableViewCell.xib */,
				386C47752453430300428780 /* BestSellersCollectionViewCell.swift */,
				386C47762453430300428780 /* BestSellersCollectionViewCell.xib */,
			);
			path = Home;
			sourceTree = "<group>";
		};
		38DA2B82245885D000B65221 /* Detail */ = {
			isa = PBXGroup;
			children = (
				38DA2B79245688C000B65221 /* BrandCollectionViewController.swift */,
				38DA2B7A245688C000B65221 /* BrandCollectionViewController.xib */,
				386C47792454575B00428780 /* DetailViewController.swift */,
				386C477A2454575B00428780 /* DetailViewController.xib */,
				386C477D2454759E00428780 /* DetailImageTableViewCell.swift */,
				386C477E2454759E00428780 /* DetailImageTableViewCell.xib */,
				386C47812454774A00428780 /* DetailInfoTableViewCell.swift */,
				386C47822454774A00428780 /* DetailInfoTableViewCell.xib */,
				386C47852454842800428780 /* DescriptionTableViewCell.swift */,
				386C47862454842800428780 /* DescriptionTableViewCell.xib */,
			);
			path = Detail;
			sourceTree = "<group>";
		};
		38DA2B83245885F200B65221 /* Checkout */ = {
			isa = PBXGroup;
			children = (
				386C47892454979100428780 /* CheckoutViewController.swift */,
				386C478A2454979100428780 /* CheckoutViewController.xib */,
				38DA2B612454A4C500B65221 /* OrderItemsTableViewCell.swift */,
				38DA2B622454A4C500B65221 /* OrderItemsTableViewCell.xib */,
				38DA2B65245554E800B65221 /* ItemSuggestionTableViewCell.swift */,
				38DA2B66245554E800B65221 /* ItemSuggestionTableViewCell.xib */,
				38DA2B6D2455581100B65221 /* CheckoutItemTableViewCell.swift */,
				38DA2B6E2455581100B65221 /* CheckoutItemTableViewCell.xib */,
				38DA2B71245566BC00B65221 /* PricingInfoTableViewCell.swift */,
				38DA2B72245566BC00B65221 /* PricingInfoTableViewCell.xib */,
				38DA2B752455A9D600B65221 /* PurchaseSuccessViewController.swift */,
				38DA2B762455A9D600B65221 /* PurchaseSuccessViewController.xib */,
			);
			path = Checkout;
			sourceTree = "<group>";
		};
/* End PBXGroup section */

/* Begin PBXNativeTarget section */
		381CDAF42451B1B5009673BF /* makeupStore */ = {
			isa = PBXNativeTarget;
			buildConfigurationList = 381CDB092451B1B6009673BF /* Build configuration list for PBXNativeTarget "makeupStore" */;
			buildPhases = (
				381CDAF12451B1B5009673BF /* Sources */,
				381CDAF22451B1B5009673BF /* Frameworks */,
				381CDAF32451B1B5009673BF /* Resources */,
			);
			buildRules = (
			);
			dependencies = (
			);
			name = makeupStore;
			packageProductDependencies = (
				386C476F245336D300428780 /* Kingfisher */,
			);
			productName = makeupStore;
			productReference = 381CDAF52451B1B5009673BF /* makeupStore.app */;
			productType = "com.apple.product-type.application";
		};
/* End PBXNativeTarget section */

/* Begin PBXProject section */
		381CDAED2451B1B5009673BF /* Project object */ = {
			isa = PBXProject;
			attributes = {
				LastSwiftUpdateCheck = 1130;
				LastUpgradeCheck = 1130;
				ORGANIZATIONNAME = "Vania Radmila Alfitri";
				TargetAttributes = {
					381CDAF42451B1B5009673BF = {
						CreatedOnToolsVersion = 11.3.1;
					};
				};
			};
			buildConfigurationList = 381CDAF02451B1B5009673BF /* Build configuration list for PBXProject "makeupStore" */;
			compatibilityVersion = "Xcode 9.3";
			developmentRegion = en;
			hasScannedForEncodings = 0;
			knownRegions = (
				en,
				Base,
			);
			mainGroup = 381CDAEC2451B1B5009673BF;
			packageReferences = (
				386C476E245336D300428780 /* XCRemoteSwiftPackageReference "Kingfisher" */,
			);
			productRefGroup = 381CDAF62451B1B5009673BF /* Products */;
			projectDirPath = "";
			projectRoot = "";
			targets = (
				381CDAF42451B1B5009673BF /* makeupStore */,
			);
		};
/* End PBXProject section */

/* Begin PBXResourcesBuildPhase section */
		381CDAF32451B1B5009673BF /* Resources */ = {
			isa = PBXResourcesBuildPhase;
			buildActionMask = 2147483647;
			files = (
				386C478C2454979100428780 /* CheckoutViewController.xib in Resources */,
				381CDB3F2452DDD3009673BF /* makeup.json in Resources */,
				38DA2B702455581100B65221 /* CheckoutItemTableViewCell.xib in Resources */,
				381CDB4B2452F3D3009673BF /* NewArrivalCollectionViewCell.xib in Resources */,
				38DA2B7C245688C000B65221 /* BrandCollectionViewController.xib in Resources */,
				381CDB372451D1EC009673BF /* DiscoverTableViewCell.xib in Resources */,
				381CDB3B2451D2D2009673BF /* DiscoverCollectionViewCell.xib in Resources */,
				386C477424533F4F00428780 /* BestSellersTableViewCell.xib in Resources */,
				38DA2B68245554E800B65221 /* ItemSuggestionTableViewCell.xib in Resources */,
				381CDB052451B1B6009673BF /* LaunchScreen.storyboard in Resources */,
				386C47842454774A00428780 /* DetailInfoTableViewCell.xib in Resources */,
				38DA2B782455A9D600B65221 /* PurchaseSuccessViewController.xib in Resources */,
				381CDB132451CA54009673BF /* BannerTableViewCell.xib in Resources */,
				386C477C2454575B00428780 /* DetailViewController.xib in Resources */,
				38DA2B74245566BC00B65221 /* PricingInfoTableViewCell.xib in Resources */,
				381CDB022451B1B6009673BF /* Assets.xcassets in Resources */,
				386C47802454759E00428780 /* DetailImageTableViewCell.xib in Resources */,
				386C47882454842800428780 /* DescriptionTableViewCell.xib in Resources */,
				38DA2B85245928DB00B65221 /* project_makeup_final.mov in Resources */,
				38DA2B642454A4C500B65221 /* OrderItemsTableViewCell.xib in Resources */,
				386C47782453430300428780 /* BestSellersCollectionViewCell.xib in Resources */,
				381CDB472452EF67009673BF /* NewArrivalsTableViewCell.xib in Resources */,
				381CDB002451B1B5009673BF /* Main.storyboard in Resources */,
			);
			runOnlyForDeploymentPostprocessing = 0;
		};
/* End PBXResourcesBuildPhase section */

/* Begin PBXSourcesBuildPhase section */
		381CDAF12451B1B5009673BF /* Sources */ = {
			isa = PBXSourcesBuildPhase;
			buildActionMask = 2147483647;
			files = (
				386C47872454842800428780 /* DescriptionTableViewCell.swift in Sources */,
				386C477B2454575B00428780 /* DetailViewController.swift in Sources */,
				381CDB462452EF67009673BF /* NewArrivalsTableViewCell.swift in Sources */,
				381CDB0D2451B24D009673BF /* NetworkLayer.swift in Sources */,
				381CDAFD2451B1B5009673BF /* ViewController.swift in Sources */,
				38DA2B632454A4C500B65221 /* OrderItemsTableViewCell.swift in Sources */,
				381CDB4A2452F3D3009673BF /* NewArrivalCollectionViewCell.swift in Sources */,
				386C477324533F4F00428780 /* BestSellersTableViewCell.swift in Sources */,
				386C47772453430300428780 /* BestSellersCollectionViewCell.swift in Sources */,
				381CDB3A2451D2D2009673BF /* DiscoverCollectionViewCell.swift in Sources */,
				381CDB0F2451B3EB009673BF /* Makeup.swift in Sources */,
				38DA2B7B245688C000B65221 /* BrandCollectionViewController.swift in Sources */,
				38DA2B67245554E800B65221 /* ItemSuggestionTableViewCell.swift in Sources */,
				381CDB122451CA54009673BF /* BannerTableViewCell.swift in Sources */,
				386C478B2454979100428780 /* CheckoutViewController.swift in Sources */,
				386C477F2454759E00428780 /* DetailImageTableViewCell.swift in Sources */,
				38DA2B772455A9D600B65221 /* PurchaseSuccessViewController.swift in Sources */,
				381CDAF92451B1B5009673BF /* AppDelegate.swift in Sources */,
				381CDB362451D1EC009673BF /* DiscoverTableViewCell.swift in Sources */,
				386C47832454774A00428780 /* DetailInfoTableViewCell.swift in Sources */,
				38DA2B6F2455581100B65221 /* CheckoutItemTableViewCell.swift in Sources */,
				38DA2B73245566BC00B65221 /* PricingInfoTableViewCell.swift in Sources */,
				381CDAFB2451B1B5009673BF /* SceneDelegate.swift in Sources */,
			);
			runOnlyForDeploymentPostprocessing = 0;
		};
/* End PBXSourcesBuildPhase section */

/* Begin PBXVariantGroup section */
		381CDAFE2451B1B5009673BF /* Main.storyboard */ = {
			isa = PBXVariantGroup;
			children = (
				381CDAFF2451B1B5009673BF /* Base */,
			);
			name = Main.storyboard;
			sourceTree = "<group>";
		};
		381CDB032451B1B6009673BF /* LaunchScreen.storyboard */ = {
			isa = PBXVariantGroup;
			children = (
				381CDB042451B1B6009673BF /* Base */,
			);
			name = LaunchScreen.storyboard;
			sourceTree = "<group>";
		};
/* End PBXVariantGroup section */

/* Begin XCBuildConfiguration section */
		381CDB072451B1B6009673BF /* Debug */ = {
			isa = XCBuildConfiguration;
			buildSettings = {
				ALWAYS_SEARCH_USER_PATHS = NO;
				CLANG_ANALYZER_NONNULL = YES;
				CLANG_ANALYZER_NUMBER_OBJECT_CONVERSION = YES_AGGRESSIVE;
				CLANG_CXX_LANGUAGE_STANDARD = "gnu++14";
				CLANG_CXX_LIBRARY = "libc++";
				CLANG_ENABLE_MODULES = YES;
				CLANG_ENABLE_OBJC_ARC = YES;
				CLANG_ENABLE_OBJC_WEAK = YES;
				CLANG_WARN_BLOCK_CAPTURE_AUTORELEASING = YES;
				CLANG_WARN_BOOL_CONVERSION = YES;
				CLANG_WARN_COMMA = YES;
				CLANG_WARN_CONSTANT_CONVERSION = YES;
				CLANG_WARN_DEPRECATED_OBJC_IMPLEMENTATIONS = YES;
				CLANG_WARN_DIRECT_OBJC_ISA_USAGE = YES_ERROR;
				CLANG_WARN_DOCUMENTATION_COMMENTS = YES;
				CLANG_WARN_EMPTY_BODY = YES;
				CLANG_WARN_ENUM_CONVERSION = YES;
				CLANG_WARN_INFINITE_RECURSION = YES;
				CLANG_WARN_INT_CONVERSION = YES;
				CLANG_WARN_NON_LITERAL_NULL_CONVERSION = YES;
				CLANG_WARN_OBJC_IMPLICIT_RETAIN_SELF = YES;
				CLANG_WARN_OBJC_LITERAL_CONVERSION = YES;
				CLANG_WARN_OBJC_ROOT_CLASS = YES_ERROR;
				CLANG_WARN_RANGE_LOOP_ANALYSIS = YES;
				CLANG_WARN_STRICT_PROTOTYPES = YES;
				CLANG_WARN_SUSPICIOUS_MOVE = YES;
				CLANG_WARN_UNGUARDED_AVAILABILITY = YES_AGGRESSIVE;
				CLANG_WARN_UNREACHABLE_CODE = YES;
				CLANG_WARN__DUPLICATE_METHOD_MATCH = YES;
				COPY_PHASE_STRIP = NO;
				DEBUG_INFORMATION_FORMAT = dwarf;
				ENABLE_STRICT_OBJC_MSGSEND = YES;
				ENABLE_TESTABILITY = YES;
				GCC_C_LANGUAGE_STANDARD = gnu11;
				GCC_DYNAMIC_NO_PIC = NO;
				GCC_NO_COMMON_BLOCKS = YES;
				GCC_OPTIMIZATION_LEVEL = 0;
				GCC_PREPROCESSOR_DEFINITIONS = (
					"DEBUG=1",
					"$(inherited)",
				);
				GCC_WARN_64_TO_32_BIT_CONVERSION = YES;
				GCC_WARN_ABOUT_RETURN_TYPE = YES_ERROR;
				GCC_WARN_UNDECLARED_SELECTOR = YES;
				GCC_WARN_UNINITIALIZED_AUTOS = YES_AGGRESSIVE;
				GCC_WARN_UNUSED_FUNCTION = YES;
				GCC_WARN_UNUSED_VARIABLE = YES;
				IPHONEOS_DEPLOYMENT_TARGET = 13.2;
				MTL_ENABLE_DEBUG_INFO = INCLUDE_SOURCE;
				MTL_FAST_MATH = YES;
				ONLY_ACTIVE_ARCH = YES;
				SDKROOT = iphoneos;
				SWIFT_ACTIVE_COMPILATION_CONDITIONS = DEBUG;
				SWIFT_OPTIMIZATION_LEVEL = "-Onone";
			};
			name = Debug;
		};
		381CDB082451B1B6009673BF /* Release */ = {
			isa = XCBuildConfiguration;
			buildSettings = {
				ALWAYS_SEARCH_USER_PATHS = NO;
				CLANG_ANALYZER_NONNULL = YES;
				CLANG_ANALYZER_NUMBER_OBJECT_CONVERSION = YES_AGGRESSIVE;
				CLANG_CXX_LANGUAGE_STANDARD = "gnu++14";
				CLANG_CXX_LIBRARY = "libc++";
				CLANG_ENABLE_MODULES = YES;
				CLANG_ENABLE_OBJC_ARC = YES;
				CLANG_ENABLE_OBJC_WEAK = YES;
				CLANG_WARN_BLOCK_CAPTURE_AUTORELEASING = YES;
				CLANG_WARN_BOOL_CONVERSION = YES;
				CLANG_WARN_COMMA = YES;
				CLANG_WARN_CONSTANT_CONVERSION = YES;
				CLANG_WARN_DEPRECATED_OBJC_IMPLEMENTATIONS = YES;
				CLANG_WARN_DIRECT_OBJC_ISA_USAGE = YES_ERROR;
				CLANG_WARN_DOCUMENTATION_COMMENTS = YES;
				CLANG_WARN_EMPTY_BODY = YES;
				CLANG_WARN_ENUM_CONVERSION = YES;
				CLANG_WARN_INFINITE_RECURSION = YES;
				CLANG_WARN_INT_CONVERSION = YES;
				CLANG_WARN_NON_LITERAL_NULL_CONVERSION = YES;
				CLANG_WARN_OBJC_IMPLICIT_RETAIN_SELF = YES;
				CLANG_WARN_OBJC_LITERAL_CONVERSION = YES;
				CLANG_WARN_OBJC_ROOT_CLASS = YES_ERROR;
				CLANG_WARN_RANGE_LOOP_ANALYSIS = YES;
				CLANG_WARN_STRICT_PROTOTYPES = YES;
				CLANG_WARN_SUSPICIOUS_MOVE = YES;
				CLANG_WARN_UNGUARDED_AVAILABILITY = YES_AGGRESSIVE;
				CLANG_WARN_UNREACHABLE_CODE = YES;
				CLANG_WARN__DUPLICATE_METHOD_MATCH = YES;
				COPY_PHASE_STRIP = NO;
				DEBUG_INFORMATION_FORMAT = "dwarf-with-dsym";
				ENABLE_NS_ASSERTIONS = NO;
				ENABLE_STRICT_OBJC_MSGSEND = YES;
				GCC_C_LANGUAGE_STANDARD = gnu11;
				GCC_NO_COMMON_BLOCKS = YES;
				GCC_WARN_64_TO_32_BIT_CONVERSION = YES;
				GCC_WARN_ABOUT_RETURN_TYPE = YES_ERROR;
				GCC_WARN_UNDECLARED_SELECTOR = YES;
				GCC_WARN_UNINITIALIZED_AUTOS = YES_AGGRESSIVE;
				GCC_WARN_UNUSED_FUNCTION = YES;
				GCC_WARN_UNUSED_VARIABLE = YES;
				IPHONEOS_DEPLOYMENT_TARGET = 13.2;
				MTL_ENABLE_DEBUG_INFO = NO;
				MTL_FAST_MATH = YES;
				SDKROOT = iphoneos;
				SWIFT_COMPILATION_MODE = wholemodule;
				SWIFT_OPTIMIZATION_LEVEL = "-O";
				VALIDATE_PRODUCT = YES;
			};
			name = Release;
		};
		381CDB0A2451B1B6009673BF /* Debug */ = {
			isa = XCBuildConfiguration;
			buildSettings = {
				ASSETCATALOG_COMPILER_APPICON_NAME = AppIcon;
				CODE_SIGN_STYLE = Automatic;
				DEVELOPMENT_TEAM = D6ZFFGJQCK;
				INFOPLIST_FILE = makeupStore/Info.plist;
				LD_RUNPATH_SEARCH_PATHS = (
					"$(inherited)",
					"@executable_path/Frameworks",
				);
				PRODUCT_BUNDLE_IDENTIFIER = com.mila.makeupStore;
				PRODUCT_NAME = "$(TARGET_NAME)";
				SWIFT_VERSION = 5.0;
				TARGETED_DEVICE_FAMILY = "1,2";
			};
			name = Debug;
		};
		381CDB0B2451B1B6009673BF /* Release */ = {
			isa = XCBuildConfiguration;
			buildSettings = {
				ASSETCATALOG_COMPILER_APPICON_NAME = AppIcon;
				CODE_SIGN_STYLE = Automatic;
				DEVELOPMENT_TEAM = D6ZFFGJQCK;
				INFOPLIST_FILE = makeupStore/Info.plist;
				LD_RUNPATH_SEARCH_PATHS = (
					"$(inherited)",
					"@executable_path/Frameworks",
				);
				PRODUCT_BUNDLE_IDENTIFIER = com.mila.makeupStore;
				PRODUCT_NAME = "$(TARGET_NAME)";
				SWIFT_VERSION = 5.0;
				TARGETED_DEVICE_FAMILY = "1,2";
			};
			name = Release;
		};
/* End XCBuildConfiguration section */

/* Begin XCConfigurationList section */
		381CDAF02451B1B5009673BF /* Build configuration list for PBXProject "makeupStore" */ = {
			isa = XCConfigurationList;
			buildConfigurations = (
				381CDB072451B1B6009673BF /* Debug */,
				381CDB082451B1B6009673BF /* Release */,
			);
			defaultConfigurationIsVisible = 0;
			defaultConfigurationName = Release;
		};
		381CDB092451B1B6009673BF /* Build configuration list for PBXNativeTarget "makeupStore" */ = {
			isa = XCConfigurationList;
			buildConfigurations = (
				381CDB0A2451B1B6009673BF /* Debug */,
				381CDB0B2451B1B6009673BF /* Release */,
			);
			defaultConfigurationIsVisible = 0;
			defaultConfigurationName = Release;
		};
/* End XCConfigurationList section */

/* Begin XCRemoteSwiftPackageReference section */
		386C476E245336D300428780 /* XCRemoteSwiftPackageReference "Kingfisher" */ = {
			isa = XCRemoteSwiftPackageReference;
			repositoryURL = "https://github.com/onevcat/Kingfisher.git";
			requirement = {
				kind = upToNextMajorVersion;
				minimumVersion = 5.8.0;
			};
		};
/* End XCRemoteSwiftPackageReference section */

/* Begin XCSwiftPackageProductDependency section */
		386C476F245336D300428780 /* Kingfisher */ = {
			isa = XCSwiftPackageProductDependency;
			package = 386C476E245336D300428780 /* XCRemoteSwiftPackageReference "Kingfisher" */;
			productName = Kingfisher;
		};
/* End XCSwiftPackageProductDependency section */
	};
	rootObject = 381CDAED2451B1B5009673BF /* Project object */;
}
